# THIS IS AN AUTOGENERATED FILE. DO NOT EDIT THIS FILE DIRECTLY.
# yarn lockfile v1


"@types/geojson@^1.0.0":
  version "1.0.6"
  resolved "https://registry.yarnpkg.com/@types/geojson/-/geojson-1.0.6.tgz#3e02972728c69248c2af08d60a48cbb8680fffdf"
  integrity sha512-Xqg/lIZMrUd0VRmSRbCAewtwGZiAk3mEUDvV4op1tGl+LvyPcb/MIOSxTl9z+9+J+R4/vpjiCAT4xeKzH9ji1w==

bignumber.js@2.3.0:
  version "2.3.0"
  resolved "https://registry.yarnpkg.com/bignumber.js/-/bignumber.js-2.3.0.tgz#597a02d791edc3d64f17850e21789e7a4095df66"
  integrity sha1-WXoC15Htw9ZPF4UOIXieekCV32Y=

bluebird@^3.3.4, bluebird@^3.4.6:
  version "3.5.5"
  resolved "https://registry.yarnpkg.com/bluebird/-/bluebird-3.5.5.tgz#a8d0afd73251effbbd5fe384a77d73003c17a71f"
  integrity sha512-5am6HnnfN+urzt4yfg7IgTbotDjIT/u8AJpEt0sIU9FtXfVeezXAPKswrG+xKUCOYAINpSdgZVDU6QFh+cuH3w==

core-util-is@~1.0.0:
  version "1.0.2"
  resolved "https://registry.yarnpkg.com/core-util-is/-/core-util-is-1.0.2.tgz#b5fd54220aa2bc5ab57aab7140c940754503c1a7"
  integrity sha1-tf1UIgqivFq1eqtxQMlAdUUDwac=

debug@^2.6.9:
  version "2.6.9"
  resolved "https://registry.yarnpkg.com/debug/-/debug-2.6.9.tgz#5d128515df134ff327e90a4c93f4e077a536341f"
  integrity sha512-bC7ElrdJaJnPbAP+1EotYvqZsb3ecl5wi6Bfi6BJTUcNowp6cvspg0jXznRTKDjm/E7AdgFBVeAPVMNcKGsHMA==
  dependencies:
    ms "2.0.0"

depd@^1.1.0:
  version "1.1.2"
  resolved "https://registry.yarnpkg.com/depd/-/depd-1.1.2.tgz#9bcd52e14c097763e749b274c4346ed2e560b5a9"
  integrity sha1-m81S4UwJd2PnSbJ0xDRu0uVgtak=

dottie@^1.0.0:
  version "1.1.1"
  resolved "https://registry.yarnpkg.com/dottie/-/dottie-1.1.1.tgz#45c2a3f48bd6528eeed267a69a848eaaca6faa6a"
  integrity sha1-RcKj9IvWUo7u0memmoSOqspvqmo=

generic-pool@2.4.2:
  version "2.4.2"
  resolved "https://registry.yarnpkg.com/generic-pool/-/generic-pool-2.4.2.tgz#886bc5bf0beb7db96e81bcbba078818de5a62683"
  integrity sha1-iGvFvwvrfblugby7oHiBjeWmJoM=

inflection@^1.6.0:
  version "1.12.0"
  resolved "https://registry.yarnpkg.com/inflection/-/inflection-1.12.0.tgz#a200935656d6f5f6bc4dc7502e1aecb703228416"
  integrity sha1-ogCTVlbW9fa8TcdQLhrstwMihBY=

inherits@~2.0.1:
  version "2.0.4"
  resolved "https://registry.yarnpkg.com/inherits/-/inherits-2.0.4.tgz#0fa2c64f932917c3433a0ded55363aae37416b7c"
  integrity sha512-k/vGaX4/Yla3WzyMCvTQOXYeIHvqOKtnqBduzTHpzpQZzAskKMhZ2K+EnBiSM9zGSoIFeMpXKxa4dYeZIQqewQ==

isarray@0.0.1:
  version "0.0.1"
  resolved "https://registry.yarnpkg.com/isarray/-/isarray-0.0.1.tgz#8a18acfca9a8f4177e09abfc6038939b05d1eedf"
  integrity sha1-ihis/Kmo9Bd+Cav8YDiTmwXR7t8=

lodash@4.12.0:
  version "4.12.0"
  resolved "https://registry.yarnpkg.com/lodash/-/lodash-4.12.0.tgz#2bd6dc46a040f59e686c972ed21d93dc59053258"
  integrity sha1-K9bcRqBA9Z5obJcu0h2T3FkFMlg=

moment-timezone@^0.5.4:
  version "0.5.26"
  resolved "https://registry.yarnpkg.com/moment-timezone/-/moment-timezone-0.5.26.tgz#c0267ca09ae84631aa3dc33f65bedbe6e8e0d772"
  integrity sha512-sFP4cgEKTCymBBKgoxZjYzlSovC20Y6J7y3nanDc5RoBIXKlZhoYwBoZGe3flwU6A372AcRwScH8KiwV6zjy1g==
  dependencies:
    moment ">= 2.9.0"

"moment@>= 2.9.0", moment@^2.13.0:
  version "2.24.0"
  resolved "https://registry.yarnpkg.com/moment/-/moment-2.24.0.tgz#0d055d53f5052aa653c9f6eb68bb5d12bf5c2b5b"
  integrity sha512-bV7f+6l2QigeBBZSM/6yTNq4P2fNpSWj/0e7jQcy87A8e7o2nAfP/34/2ky5Vw4B9S446EtIhodAzkFCcR4dQg==

ms@2.0.0:
  version "2.0.0"
  resolved "https://registry.yarnpkg.com/ms/-/ms-2.0.0.tgz#5608aeadfc00be6c2901df5f9861788de0d597c8"
  integrity sha1-VgiurfwAvmwpAd9fmGF4jeDVl8g=

mysql@2.11.1:
  version "2.11.1"
  resolved "https://registry.yarnpkg.com/mysql/-/mysql-2.11.1.tgz#7bdbfda477141fd15eeec2b710320c0d20ce7d08"
  integrity sha1-e9v9pHcUH9Fe7sK3EDIMDSDOfQg=
  dependencies:
    bignumber.js "2.3.0"
    readable-stream "1.1.14"
    sqlstring "2.0.1"

node-uuid@~1.4.4:
  version "1.4.8"
  resolved "https://registry.yarnpkg.com/node-uuid/-/node-uuid-1.4.8.tgz#b040eb0923968afabf8d32fb1f17f1167fdab907"
  integrity sha1-sEDrCSOWivq/jTL7HxfxFn/auQc=

readable-stream@1.1.14:
  version "1.1.14"
  resolved "https://registry.yarnpkg.com/readable-stream/-/readable-stream-1.1.14.tgz#7cf4c54ef648e3813084c636dd2079e166c081d9"
  integrity sha1-fPTFTvZI44EwhMY23SB54WbAgdk=
  dependencies:
    core-util-is "~1.0.0"
    inherits "~2.0.1"
    isarray "0.0.1"
    string_decoder "~0.10.x"

retry-as-promised@^2.0.0:
  version "2.3.2"
  resolved "https://registry.yarnpkg.com/retry-as-promised/-/retry-as-promised-2.3.2.tgz#cd974ee4fd9b5fe03cbf31871ee48221c07737b7"
  integrity sha1-zZdO5P2bX+A8vzGHHuSCIcB3N7c=
  dependencies:
    bluebird "^3.4.6"
    debug "^2.6.9"

semver@^5.0.1:
  version "5.7.0"
  resolved "https://registry.yarnpkg.com/semver/-/semver-5.7.0.tgz#790a7cf6fea5459bac96110b29b60412dc8ff96b"
  integrity sha512-Ya52jSX2u7QKghxeoFGpLwCtGlt7j0oY9DYb5apt9nPlJ42ID+ulTXESnt/qAQcoSERyZ5sl3LDIOw0nAn/5DA==

sequelize@3.24.1:
  version "3.24.1"
  resolved "https://registry.yarnpkg.com/sequelize/-/sequelize-3.24.1.tgz#d92903bf1ba4ab0cd138edb15a6c42078fd3db69"
  integrity sha1-2SkDvxukqwzROO2xWmxCB4/T22k=
  dependencies:
    bluebird "^3.3.4"
    depd "^1.1.0"
    dottie "^1.0.0"
    generic-pool "2.4.2"
    inflection "^1.6.0"
    lodash "4.12.0"
    moment "^2.13.0"
    moment-timezone "^0.5.4"
    node-uuid "~1.4.4"
    retry-as-promised "^2.0.0"
    semver "^5.0.1"
    shimmer "1.1.0"
    terraformer-wkt-parser "^1.1.0"
    toposort-class "^1.0.1"
    validator "^5.2.0"
    wkx "0.2.0"

shimmer@1.1.0:
  version "1.1.0"
  resolved "https://registry.yarnpkg.com/shimmer/-/shimmer-1.1.0.tgz#97d7377137ffbbab425522e429fe0aa89a488b35"
  integrity sha1-l9c3cTf/u6tCVSLkKf4KqJpIizU=

sqlstring@2.0.1:
  version "2.0.1"
  resolved "https://registry.yarnpkg.com/sqlstring/-/sqlstring-2.0.1.tgz#bcd3c3931af1a5ab7d54a558eb3563ca3d378b98"
  integrity sha1-vNPDkxrxpat9VKVY6zVjyj03i5g=

string_decoder@~0.10.x:
  version "0.10.31"
  resolved "https://registry.yarnpkg.com/string_decoder/-/string_decoder-0.10.31.tgz#62e203bc41766c6c28c9fc84301dab1c5310fa94"
  integrity sha1-YuIDvEF2bGwoyfyEMB2rHFMQ+pQ=

terraformer-wkt-parser@^1.1.0:
  version "1.2.0"
  resolved "https://registry.yarnpkg.com/terraformer-wkt-parser/-/terraformer-wkt-parser-1.2.0.tgz#c9d6ac3dff25f4c0bd344e961f42694961834c34"
  integrity sha512-QU3iA54St5lF8Za1jg1oj4NYc8sn5tCZ08aNSWDeGzrsaV48eZk1iAVWasxhNspYBoCqdHuoot1pUTUrE1AJ4w==
  dependencies:
    "@types/geojson" "^1.0.0"
    terraformer "~1.0.5"

terraformer@~1.0.5:
  version "1.0.9"
  resolved "https://registry.yarnpkg.com/terraformer/-/terraformer-1.0.9.tgz#77851fef4a49c90b345dc53cf26809fdf29dcda6"
  integrity sha512-YlmQ1fsMWTkKGDGibCRWgmLzrpDRUr63Q025LJ/taYQ6j1Yb8q9McKF7NBi6ACAyUXO6F/bl9w6v4MY307y5Ag==
  optionalDependencies:
    "@types/geojson" "^1.0.0"

toposort-class@^1.0.1:
  version "1.0.1"
  resolved "https://registry.yarnpkg.com/toposort-class/-/toposort-class-1.0.1.tgz#7ffd1f78c8be28c3ba45cd4e1a3f5ee193bd9988"
  integrity sha1-f/0feMi+KMO6Rc1OGj9e4ZO9mYg=

validator@^5.2.0:
  version "5.7.0"
  resolved "https://registry.yarnpkg.com/validator/-/validator-5.7.0.tgz#7a87a58146b695ac486071141c0c49d67da05e5c"
  integrity sha1-eoelgUa2laxIYHEUHAxJ1n2gXlw=

wkx@0.2.0:
  version "0.2.0"
  resolved "https://registry.yarnpkg.com/wkx/-/wkx-0.2.0.tgz#76c24f16acd0cd8f93cd34aa331e0f7961256e84"
  integrity sha1-dsJPFqzQzY+TzTSqMx4PeWElboQ=
